
Microsoft Visual Studio Solution File, Format Version 12.00
# Visual Studio Version 17
VisualStudioVersion = 17.9.34622.214
MinimumVisualStudioVersion = 10.0.40219.1
Project("{2150E333-8FDC-42A3-9474-1A3956D46DE8}") = "src", "src", "{26FD0D81-F1EE-455D-BE17-CEDC126BE8B6}"
EndProject
Project("{2150E333-8FDC-42A3-9474-1A3956D46DE8}") = "Solution Items", "Solution Items", "{D622C258-4E53-42FB-884C-80247404CEEC}"
	ProjectSection(SolutionItems) = preProject
		ServiceUrls.txt = ServiceUrls.txt
	EndProjectSection
EndProject
Project("{2150E333-8FDC-42A3-9474-1A3956D46DE8}") = "ApiGateway", "ApiGateway", "{93B60403-FB6F-4537-B7E5-76406E161AAC}"
EndProject
Project("{2150E333-8FDC-42A3-9474-1A3956D46DE8}") = "BuildingBlocks", "BuildingBlocks", "{0CBA1AC5-0EB4-4321-8BB7-26E09353AFCE}"
EndProject
Project("{2150E333-8FDC-42A3-9474-1A3956D46DE8}") = "Services", "Services", "{FAC345E2-03E7-4FE9-A285-ECFA4872B138}"
EndProject
Project("{2150E333-8FDC-42A3-9474-1A3956D46DE8}") = "Clients", "Clients", "{B615F582-0664-48CA-9908-4C1B00C74800}"
EndProject
Project("{2150E333-8FDC-42A3-9474-1A3956D46DE8}") = "WebApiGateway", "WebApiGateway", "{A0C61163-82D5-435B-9F67-0784B421CDC9}"
EndProject
Project("{9A19103F-16F7-4668-BE54-9A1E7A4F7556}") = "Web.ApiGateway", "src\ApiGateway\WebApiGateway\Web.ApiGateway\Web.ApiGateway.csproj", "{3F82F346-CA87-4C3E-A313-EEE981AC1E47}"
EndProject
Project("{2150E333-8FDC-42A3-9474-1A3956D46DE8}") = "EventBus", "EventBus", "{32D13212-F551-4CE1-B2A7-A338DE3F054F}"
EndProject
Project("{9A19103F-16F7-4668-BE54-9A1E7A4F7556}") = "EventBus.Base", "src\BuildingBlocks\EventBus\EventBus.Base\EventBus.Base.csproj", "{128846C8-E1A2-4FC4-8706-D45311A1DBAF}"
EndProject
Project("{9A19103F-16F7-4668-BE54-9A1E7A4F7556}") = "EventBus.Factory", "src\BuildingBlocks\EventBus\EventBus.Factory\EventBus.Factory.csproj", "{4F7A17CA-79A9-4A06-9299-267D5E878784}"
EndProject
Project("{9A19103F-16F7-4668-BE54-9A1E7A4F7556}") = "EventBus.AzureServiceBus", "src\BuildingBlocks\EventBus\EventBus.AzureServiceBus\EventBus.AzureServiceBus.csproj", "{CA40CC18-C6B3-4057-B766-D223BCBBACB5}"
EndProject
Project("{9A19103F-16F7-4668-BE54-9A1E7A4F7556}") = "EventBus.RabbitMQ", "src\BuildingBlocks\EventBus\EventBus.RabbitMQ\EventBus.RabbitMQ.csproj", "{0A5C143B-984B-437F-9518-F09007A7A6A0}"
EndProject
Project("{2150E333-8FDC-42A3-9474-1A3956D46DE8}") = "BlazorWebApp", "BlazorWebApp", "{1F48852A-5F74-4C86-A661-11C3C4A6C374}"
EndProject
Project("{9A19103F-16F7-4668-BE54-9A1E7A4F7556}") = "WebApp", "src\Clients\BlazorWebApp\WebApp\WebApp.csproj", "{7248796F-FFE5-4014-9A98-09BD74CF416F}"
EndProject
Project("{2150E333-8FDC-42A3-9474-1A3956D46DE8}") = "BasketService", "BasketService", "{2EF34FAC-E622-49B0-A0B9-5AE2FADDA871}"
EndProject
Project("{9A19103F-16F7-4668-BE54-9A1E7A4F7556}") = "BasektService.Api", "src\Services\BasketService\BasektService.Api\BasektService.Api.csproj", "{C069A3D9-3614-4717-88DA-16C1AF0ECDB2}"
EndProject
Project("{2150E333-8FDC-42A3-9474-1A3956D46DE8}") = "CatalogService", "CatalogService", "{C14E31F7-E534-470A-A331-DCB70E96CB67}"
EndProject
Project("{9A19103F-16F7-4668-BE54-9A1E7A4F7556}") = "CatalogService.Api", "src\Services\CatalogService\CatalogService.Api\CatalogService.Api.csproj", "{A34A83D3-0619-4326-B31B-1910A553C54B}"
EndProject
Project("{2150E333-8FDC-42A3-9474-1A3956D46DE8}") = "IdentityService", "IdentityService", "{192CBF75-F15E-4501-BED0-0CF875D11A28}"
EndProject
Project("{9A19103F-16F7-4668-BE54-9A1E7A4F7556}") = "IdentityService.Api", "src\Services\IdentityService\IdentityService.Api\IdentityService.Api.csproj", "{5C364C96-3CCB-439B-ACE3-865CFB457826}"
EndProject
Project("{2150E333-8FDC-42A3-9474-1A3956D46DE8}") = "NotificationService", "NotificationService", "{4FD2D14D-BFEB-44FE-A864-2750BD859989}"
EndProject
Project("{9A19103F-16F7-4668-BE54-9A1E7A4F7556}") = "NotificationService", "src\Services\NotificationService\NotificationService\NotificationService.csproj", "{B5C6A7B5-935C-4B4E-9917-DFA5CCBE8716}"
EndProject
Project("{2150E333-8FDC-42A3-9474-1A3956D46DE8}") = "OrderService", "OrderService", "{6245BDA2-22E1-47AC-9E2C-1E1711A4569C}"
EndProject
Project("{9A19103F-16F7-4668-BE54-9A1E7A4F7556}") = "OrderService.Domain", "src\Services\OrderSevices\OrderService.Domain\OrderService.Domain.csproj", "{E74BFA35-EF0E-4068-8F83-85301BFCB4A2}"
EndProject
Project("{9A19103F-16F7-4668-BE54-9A1E7A4F7556}") = "OrderService.Applicaiton", "src\Services\OrderSevices\OrderService.Applicaiton\OrderService.Applicaiton.csproj", "{7DA424B8-249E-465D-A937-E11FD89EADB7}"
EndProject
Project("{9A19103F-16F7-4668-BE54-9A1E7A4F7556}") = "OrderService.Infrastructure", "src\Services\OrderSevices\OrderService.Infrastructure\OrderService.Infrastructure.csproj", "{E2E58F3B-AFE3-4F1A-9344-580DA03CB703}"
EndProject
Project("{9A19103F-16F7-4668-BE54-9A1E7A4F7556}") = "OrderService.Api", "src\Services\OrderSevices\OrderService.Api\OrderService.Api.csproj", "{122A4ADB-7A90-493E-82BE-42F9D0278DBD}"
EndProject
Project("{2150E333-8FDC-42A3-9474-1A3956D46DE8}") = "PaymentService", "PaymentService", "{3E478A23-B532-499F-AEE7-8E45DDFA3A05}"
EndProject
Project("{9A19103F-16F7-4668-BE54-9A1E7A4F7556}") = "PaymentService.Api", "src\Services\PaymentService\PaymentService.Api\PaymentService.Api.csproj", "{AE31DF81-1F39-4F17-893F-FC226B68F451}"
EndProject
Project("{2150E333-8FDC-42A3-9474-1A3956D46DE8}") = "MobilClient", "MobilClient", "{4DFBF8E0-831F-43DA-95F9-F57D543FEE5F}"
EndProject
Project("{2150E333-8FDC-42A3-9474-1A3956D46DE8}") = "Go", "Go", "{D935E13E-F5E5-43F4-BD4A-776EFF4FCECD}"
EndProject
Project("{2150E333-8FDC-42A3-9474-1A3956D46DE8}") = "ReactNative", "ReactNative", "{4F955892-C887-468B-AB67-0C819C49E1F3}"
EndProject
Project("{2150E333-8FDC-42A3-9474-1A3956D46DE8}") = "tests", "tests", "{FC498113-51DA-4DAE-AA77-04090F57B61A}"
EndProject
Project("{2150E333-8FDC-42A3-9474-1A3956D46DE8}") = "BuildingBlocks", "BuildingBlocks", "{8DA5315C-B6D7-418A-AA8D-4D7C1917DD57}"
EndProject
Project("{FAE04EC0-301F-11D3-BF4B-00C04F79EFBC}") = "EventBus.UnitTest", "tests\BuildingBlocks\EventBus.UnitTest\EventBus.UnitTest.csproj", "{C315538A-874E-4C38-A59F-3405E9E9C3B0}"
EndProject
Global
	GlobalSection(SolutionConfigurationPlatforms) = preSolution
		Debug|Any CPU = Debug|Any CPU
		Release|Any CPU = Release|Any CPU
	EndGlobalSection
	GlobalSection(ProjectConfigurationPlatforms) = postSolution
		{3F82F346-CA87-4C3E-A313-EEE981AC1E47}.Debug|Any CPU.ActiveCfg = Debug|Any CPU
		{3F82F346-CA87-4C3E-A313-EEE981AC1E47}.Debug|Any CPU.Build.0 = Debug|Any CPU
		{3F82F346-CA87-4C3E-A313-EEE981AC1E47}.Release|Any CPU.ActiveCfg = Release|Any CPU
		{3F82F346-CA87-4C3E-A313-EEE981AC1E47}.Release|Any CPU.Build.0 = Release|Any CPU
		{128846C8-E1A2-4FC4-8706-D45311A1DBAF}.Debug|Any CPU.ActiveCfg = Debug|Any CPU
		{128846C8-E1A2-4FC4-8706-D45311A1DBAF}.Debug|Any CPU.Build.0 = Debug|Any CPU
		{128846C8-E1A2-4FC4-8706-D45311A1DBAF}.Release|Any CPU.ActiveCfg = Release|Any CPU
		{128846C8-E1A2-4FC4-8706-D45311A1DBAF}.Release|Any CPU.Build.0 = Release|Any CPU
		{4F7A17CA-79A9-4A06-9299-267D5E878784}.Debug|Any CPU.ActiveCfg = Debug|Any CPU
		{4F7A17CA-79A9-4A06-9299-267D5E878784}.Debug|Any CPU.Build.0 = Debug|Any CPU
		{4F7A17CA-79A9-4A06-9299-267D5E878784}.Release|Any CPU.ActiveCfg = Release|Any CPU
		{4F7A17CA-79A9-4A06-9299-267D5E878784}.Release|Any CPU.Build.0 = Release|Any CPU
		{CA40CC18-C6B3-4057-B766-D223BCBBACB5}.Debug|Any CPU.ActiveCfg = Debug|Any CPU
		{CA40CC18-C6B3-4057-B766-D223BCBBACB5}.Debug|Any CPU.Build.0 = Debug|Any CPU
		{CA40CC18-C6B3-4057-B766-D223BCBBACB5}.Release|Any CPU.ActiveCfg = Release|Any CPU
		{CA40CC18-C6B3-4057-B766-D223BCBBACB5}.Release|Any CPU.Build.0 = Release|Any CPU
		{0A5C143B-984B-437F-9518-F09007A7A6A0}.Debug|Any CPU.ActiveCfg = Debug|Any CPU
		{0A5C143B-984B-437F-9518-F09007A7A6A0}.Debug|Any CPU.Build.0 = Debug|Any CPU
		{0A5C143B-984B-437F-9518-F09007A7A6A0}.Release|Any CPU.ActiveCfg = Release|Any CPU
		{0A5C143B-984B-437F-9518-F09007A7A6A0}.Release|Any CPU.Build.0 = Release|Any CPU
		{7248796F-FFE5-4014-9A98-09BD74CF416F}.Debug|Any CPU.ActiveCfg = Debug|Any CPU
		{7248796F-FFE5-4014-9A98-09BD74CF416F}.Debug|Any CPU.Build.0 = Debug|Any CPU
		{7248796F-FFE5-4014-9A98-09BD74CF416F}.Release|Any CPU.ActiveCfg = Release|Any CPU
		{7248796F-FFE5-4014-9A98-09BD74CF416F}.Release|Any CPU.Build.0 = Release|Any CPU
		{C069A3D9-3614-4717-88DA-16C1AF0ECDB2}.Debug|Any CPU.ActiveCfg = Debug|Any CPU
		{C069A3D9-3614-4717-88DA-16C1AF0ECDB2}.Debug|Any CPU.Build.0 = Debug|Any CPU
		{C069A3D9-3614-4717-88DA-16C1AF0ECDB2}.Release|Any CPU.ActiveCfg = Release|Any CPU
		{C069A3D9-3614-4717-88DA-16C1AF0ECDB2}.Release|Any CPU.Build.0 = Release|Any CPU
		{A34A83D3-0619-4326-B31B-1910A553C54B}.Debug|Any CPU.ActiveCfg = Debug|Any CPU
		{A34A83D3-0619-4326-B31B-1910A553C54B}.Debug|Any CPU.Build.0 = Debug|Any CPU
		{A34A83D3-0619-4326-B31B-1910A553C54B}.Release|Any CPU.ActiveCfg = Release|Any CPU
		{A34A83D3-0619-4326-B31B-1910A553C54B}.Release|Any CPU.Build.0 = Release|Any CPU
		{5C364C96-3CCB-439B-ACE3-865CFB457826}.Debug|Any CPU.ActiveCfg = Debug|Any CPU
		{5C364C96-3CCB-439B-ACE3-865CFB457826}.Debug|Any CPU.Build.0 = Debug|Any CPU
		{5C364C96-3CCB-439B-ACE3-865CFB457826}.Release|Any CPU.ActiveCfg = Release|Any CPU
		{5C364C96-3CCB-439B-ACE3-865CFB457826}.Release|Any CPU.Build.0 = Release|Any CPU
		{B5C6A7B5-935C-4B4E-9917-DFA5CCBE8716}.Debug|Any CPU.ActiveCfg = Debug|Any CPU
		{B5C6A7B5-935C-4B4E-9917-DFA5CCBE8716}.Debug|Any CPU.Build.0 = Debug|Any CPU
		{B5C6A7B5-935C-4B4E-9917-DFA5CCBE8716}.Release|Any CPU.ActiveCfg = Release|Any CPU
		{B5C6A7B5-935C-4B4E-9917-DFA5CCBE8716}.Release|Any CPU.Build.0 = Release|Any CPU
		{E74BFA35-EF0E-4068-8F83-85301BFCB4A2}.Debug|Any CPU.ActiveCfg = Debug|Any CPU
		{E74BFA35-EF0E-4068-8F83-85301BFCB4A2}.Debug|Any CPU.Build.0 = Debug|Any CPU
		{E74BFA35-EF0E-4068-8F83-85301BFCB4A2}.Release|Any CPU.ActiveCfg = Release|Any CPU
		{E74BFA35-EF0E-4068-8F83-85301BFCB4A2}.Release|Any CPU.Build.0 = Release|Any CPU
		{7DA424B8-249E-465D-A937-E11FD89EADB7}.Debug|Any CPU.ActiveCfg = Debug|Any CPU
		{7DA424B8-249E-465D-A937-E11FD89EADB7}.Debug|Any CPU.Build.0 = Debug|Any CPU
		{7DA424B8-249E-465D-A937-E11FD89EADB7}.Release|Any CPU.ActiveCfg = Release|Any CPU
		{7DA424B8-249E-465D-A937-E11FD89EADB7}.Release|Any CPU.Build.0 = Release|Any CPU
		{E2E58F3B-AFE3-4F1A-9344-580DA03CB703}.Debug|Any CPU.ActiveCfg = Debug|Any CPU
		{E2E58F3B-AFE3-4F1A-9344-580DA03CB703}.Debug|Any CPU.Build.0 = Debug|Any CPU
		{E2E58F3B-AFE3-4F1A-9344-580DA03CB703}.Release|Any CPU.ActiveCfg = Release|Any CPU
		{E2E58F3B-AFE3-4F1A-9344-580DA03CB703}.Release|Any CPU.Build.0 = Release|Any CPU
		{122A4ADB-7A90-493E-82BE-42F9D0278DBD}.Debug|Any CPU.ActiveCfg = Debug|Any CPU
		{122A4ADB-7A90-493E-82BE-42F9D0278DBD}.Debug|Any CPU.Build.0 = Debug|Any CPU
		{122A4ADB-7A90-493E-82BE-42F9D0278DBD}.Release|Any CPU.ActiveCfg = Release|Any CPU
		{122A4ADB-7A90-493E-82BE-42F9D0278DBD}.Release|Any CPU.Build.0 = Release|Any CPU
		{AE31DF81-1F39-4F17-893F-FC226B68F451}.Debug|Any CPU.ActiveCfg = Debug|Any CPU
		{AE31DF81-1F39-4F17-893F-FC226B68F451}.Debug|Any CPU.Build.0 = Debug|Any CPU
		{AE31DF81-1F39-4F17-893F-FC226B68F451}.Release|Any CPU.ActiveCfg = Release|Any CPU
		{AE31DF81-1F39-4F17-893F-FC226B68F451}.Release|Any CPU.Build.0 = Release|Any CPU
		{C315538A-874E-4C38-A59F-3405E9E9C3B0}.Debug|Any CPU.ActiveCfg = Debug|Any CPU
		{C315538A-874E-4C38-A59F-3405E9E9C3B0}.Debug|Any CPU.Build.0 = Debug|Any CPU
		{C315538A-874E-4C38-A59F-3405E9E9C3B0}.Release|Any CPU.ActiveCfg = Release|Any CPU
		{C315538A-874E-4C38-A59F-3405E9E9C3B0}.Release|Any CPU.Build.0 = Release|Any CPU
	EndGlobalSection
	GlobalSection(SolutionProperties) = preSolution
		HideSolutionNode = FALSE
	EndGlobalSection
	GlobalSection(NestedProjects) = preSolution
		{93B60403-FB6F-4537-B7E5-76406E161AAC} = {26FD0D81-F1EE-455D-BE17-CEDC126BE8B6}
		{0CBA1AC5-0EB4-4321-8BB7-26E09353AFCE} = {26FD0D81-F1EE-455D-BE17-CEDC126BE8B6}
		{FAC345E2-03E7-4FE9-A285-ECFA4872B138} = {26FD0D81-F1EE-455D-BE17-CEDC126BE8B6}
		{B615F582-0664-48CA-9908-4C1B00C74800} = {26FD0D81-F1EE-455D-BE17-CEDC126BE8B6}
		{A0C61163-82D5-435B-9F67-0784B421CDC9} = {93B60403-FB6F-4537-B7E5-76406E161AAC}
		{3F82F346-CA87-4C3E-A313-EEE981AC1E47} = {A0C61163-82D5-435B-9F67-0784B421CDC9}
		{32D13212-F551-4CE1-B2A7-A338DE3F054F} = {0CBA1AC5-0EB4-4321-8BB7-26E09353AFCE}
		{128846C8-E1A2-4FC4-8706-D45311A1DBAF} = {32D13212-F551-4CE1-B2A7-A338DE3F054F}
		{4F7A17CA-79A9-4A06-9299-267D5E878784} = {32D13212-F551-4CE1-B2A7-A338DE3F054F}
		{CA40CC18-C6B3-4057-B766-D223BCBBACB5} = {32D13212-F551-4CE1-B2A7-A338DE3F054F}
		{0A5C143B-984B-437F-9518-F09007A7A6A0} = {32D13212-F551-4CE1-B2A7-A338DE3F054F}
		{1F48852A-5F74-4C86-A661-11C3C4A6C374} = {B615F582-0664-48CA-9908-4C1B00C74800}
		{7248796F-FFE5-4014-9A98-09BD74CF416F} = {1F48852A-5F74-4C86-A661-11C3C4A6C374}
		{2EF34FAC-E622-49B0-A0B9-5AE2FADDA871} = {FAC345E2-03E7-4FE9-A285-ECFA4872B138}
		{C069A3D9-3614-4717-88DA-16C1AF0ECDB2} = {2EF34FAC-E622-49B0-A0B9-5AE2FADDA871}
		{C14E31F7-E534-470A-A331-DCB70E96CB67} = {FAC345E2-03E7-4FE9-A285-ECFA4872B138}
		{A34A83D3-0619-4326-B31B-1910A553C54B} = {C14E31F7-E534-470A-A331-DCB70E96CB67}
		{192CBF75-F15E-4501-BED0-0CF875D11A28} = {FAC345E2-03E7-4FE9-A285-ECFA4872B138}
		{5C364C96-3CCB-439B-ACE3-865CFB457826} = {192CBF75-F15E-4501-BED0-0CF875D11A28}
		{4FD2D14D-BFEB-44FE-A864-2750BD859989} = {FAC345E2-03E7-4FE9-A285-ECFA4872B138}
		{B5C6A7B5-935C-4B4E-9917-DFA5CCBE8716} = {4FD2D14D-BFEB-44FE-A864-2750BD859989}
		{6245BDA2-22E1-47AC-9E2C-1E1711A4569C} = {FAC345E2-03E7-4FE9-A285-ECFA4872B138}
		{E74BFA35-EF0E-4068-8F83-85301BFCB4A2} = {6245BDA2-22E1-47AC-9E2C-1E1711A4569C}
		{7DA424B8-249E-465D-A937-E11FD89EADB7} = {6245BDA2-22E1-47AC-9E2C-1E1711A4569C}
		{E2E58F3B-AFE3-4F1A-9344-580DA03CB703} = {6245BDA2-22E1-47AC-9E2C-1E1711A4569C}
		{122A4ADB-7A90-493E-82BE-42F9D0278DBD} = {6245BDA2-22E1-47AC-9E2C-1E1711A4569C}
		{3E478A23-B532-499F-AEE7-8E45DDFA3A05} = {FAC345E2-03E7-4FE9-A285-ECFA4872B138}
		{AE31DF81-1F39-4F17-893F-FC226B68F451} = {3E478A23-B532-499F-AEE7-8E45DDFA3A05}
		{4DFBF8E0-831F-43DA-95F9-F57D543FEE5F} = {B615F582-0664-48CA-9908-4C1B00C74800}
		{D935E13E-F5E5-43F4-BD4A-776EFF4FCECD} = {B615F582-0664-48CA-9908-4C1B00C74800}
		{4F955892-C887-468B-AB67-0C819C49E1F3} = {4DFBF8E0-831F-43DA-95F9-F57D543FEE5F}
		{8DA5315C-B6D7-418A-AA8D-4D7C1917DD57} = {FC498113-51DA-4DAE-AA77-04090F57B61A}
		{C315538A-874E-4C38-A59F-3405E9E9C3B0} = {8DA5315C-B6D7-418A-AA8D-4D7C1917DD57}
	EndGlobalSection
	GlobalSection(ExtensibilityGlobals) = postSolution
		SolutionGuid = {B1DB0F15-A462-4E0A-9D52-4EE8CA7D98E3}
	EndGlobalSection
EndGlobal
